
Microsoft Visual Studio Solution File, Format Version 12.00
# Visual Studio Version 16
VisualStudioVersion = 16.0.31205.134
MinimumVisualStudioVersion = 10.0.40219.1
Project("{FAE04EC0-301F-11D3-BF4B-00C04F79EFBC}") = "RomeArabicConverter", "RomeArabicConverter\RomeArabicConverter.csproj", "{A5B810BC-4260-4626-A421-7F4876C8A7B5}"
EndProject
Global
	GlobalSection(SolutionConfigurationPlatforms) = preSolution
		Debug|Any CPU = Debug|Any CPU
		Release|Any CPU = Release|Any CPU
	EndGlobalSection
	GlobalSection(ProjectConfigurationPlatforms) = postSolution
		{A5B810BC-4260-4626-A421-7F4876C8A7B5}.Debug|Any CPU.ActiveCfg = Debug|Any CPU
		{A5B810BC-4260-4626-A421-7F4876C8A7B5}.Debug|Any CPU.Build.0 = Debug|Any CPU
		{A5B810BC-4260-4626-A421-7F4876C8A7B5}.Release|Any CPU.ActiveCfg = Release|Any CPU
		{A5B810BC-4260-4626-A421-7F4876C8A7B5}.Release|Any CPU.Build.0 = Release|Any CPU
	EndGlobalSection
	GlobalSection(SolutionProperties) = preSolution
		HideSolutionNode = FALSE
	EndGlobalSection
	GlobalSection(ExtensibilityGlobals) = postSolution
		SolutionGuid = {A57E2468-1257-40C6-9996-E57668E9BB26}
	EndGlobalSection
EndGlobal
